// !$*UTF8*$!
{
	archiveVersion = 1;
	classes = {
	};
	objectVersion = 46;
	objects = {

/* Begin PBXBuildFile section */
		747B818F1A646EC50030005D /* AppDelegate.swift in Sources */ = {isa = PBXBuildFile; fileRef = 747B818E1A646EC50030005D /* AppDelegate.swift */; };
		747B81911A646EC50030005D /* ViewController.swift in Sources */ = {isa = PBXBuildFile; fileRef = 747B81901A646EC50030005D /* ViewController.swift */; };
		747B81961A646EC50030005D /* Images.xcassets in Resources */ = {isa = PBXBuildFile; fileRef = 747B81951A646EC50030005D /* Images.xcassets */; };
		747B81991A646EC50030005D /* LaunchScreen.xib in Resources */ = {isa = PBXBuildFile; fileRef = 747B81971A646EC50030005D /* LaunchScreen.xib */; };
		747B81A51A646EC50030005D /* PhotoFiltersTests.swift in Sources */ = {isa = PBXBuildFile; fileRef = 747B81A41A646EC50030005D /* PhotoFiltersTests.swift */; };
		747B81B21A64704B0030005D /* Notes.txt in Sources */ = {isa = PBXBuildFile; fileRef = 747B81B11A64704B0030005D /* Notes.txt */; };
		747B81B41A6488A10030005D /* GalleryViewController.swift in Sources */ = {isa = PBXBuildFile; fileRef = 747B81B31A6488A10030005D /* GalleryViewController.swift */; };
		747B81B61A648D1A0030005D /* GalleryCell.swift in Sources */ = {isa = PBXBuildFile; fileRef = 747B81B51A648D1A0030005D /* GalleryCell.swift */; };
		747B81B91A64961F0030005D /* DKoch-logo.png in Resources */ = {isa = PBXBuildFile; fileRef = 747B81B71A64961F0030005D /* DKoch-logo.png */; };
		747B81BA1A64961F0030005D /* tagTypeController.JPG in Resources */ = {isa = PBXBuildFile; fileRef = 747B81B81A64961F0030005D /* tagTypeController.JPG */; };
		747B81BC1A64F6830030005D /* windows.jpg in Resources */ = {isa = PBXBuildFile; fileRef = 747B81BB1A64F6830030005D /* windows.jpg */; };
		747B81BE1A64F6940030005D /* glassHouse.jpg in Resources */ = {isa = PBXBuildFile; fileRef = 747B81BD1A64F6940030005D /* glassHouse.jpg */; };
		747B81C01A64F75E0030005D /* bambo.jpg in Resources */ = {isa = PBXBuildFile; fileRef = 747B81BF1A64F75E0030005D /* bambo.jpg */; };
		747B81C51A65B8DB0030005D /* photo-1d.jpeg in Resources */ = {isa = PBXBuildFile; fileRef = 747B81C21A65B8DB0030005D /* photo-1d.jpeg */; };
		747B81C61A65B8DB0030005D /* photo-1c.jpeg in Resources */ = {isa = PBXBuildFile; fileRef = 747B81C31A65B8DB0030005D /* photo-1c.jpeg */; };
		747B81C71A65B8DB0030005D /* photo-1b.jpeg in Resources */ = {isa = PBXBuildFile; fileRef = 747B81C41A65B8DB0030005D /* photo-1b.jpeg */; };
/* End PBXBuildFile section */

/* Begin PBXContainerItemProxy section */
		747B819F1A646EC50030005D /* PBXContainerItemProxy */ = {
			isa = PBXContainerItemProxy;
			containerPortal = 747B81811A646EC50030005D /* Project object */;
			proxyType = 1;
			remoteGlobalIDString = 747B81881A646EC50030005D;
			remoteInfo = PhotoFilters;
		};
/* End PBXContainerItemProxy section */

/* Begin PBXFileReference section */
		747B81891A646EC50030005D /* PhotoFilters.app */ = {isa = PBXFileReference; explicitFileType = wrapper.application; includeInIndex = 0; path = PhotoFilters.app; sourceTree = BUILT_PRODUCTS_DIR; };
		747B818D1A646EC50030005D /* Info.plist */ = {isa = PBXFileReference; lastKnownFileType = text.plist.xml; path = Info.plist; sourceTree = "<group>"; };
		747B818E1A646EC50030005D /* AppDelegate.swift */ = {isa = PBXFileReference; lastKnownFileType = sourcecode.swift; path = AppDelegate.swift; sourceTree = "<group>"; };
		747B81901A646EC50030005D /* ViewController.swift */ = {isa = PBXFileReference; lastKnownFileType = sourcecode.swift; path = ViewController.swift; sourceTree = "<group>"; };
		747B81951A646EC50030005D /* Images.xcassets */ = {isa = PBXFileReference; lastKnownFileType = folder.assetcatalog; path = Images.xcassets; sourceTree = "<group>"; };
		747B81981A646EC50030005D /* Base */ = {isa = PBXFileReference; lastKnownFileType = file.xib; name = Base; path = Base.lproj/LaunchScreen.xib; sourceTree = "<group>"; };
		747B819E1A646EC50030005D /* PhotoFiltersTests.xctest */ = {isa = PBXFileReference; explicitFileType = wrapper.cfbundle; includeInIndex = 0; path = PhotoFiltersTests.xctest; sourceTree = BUILT_PRODUCTS_DIR; };
		747B81A31A646EC50030005D /* Info.plist */ = {isa = PBXFileReference; lastKnownFileType = text.plist.xml; path = Info.plist; sourceTree = "<group>"; };
		747B81A41A646EC50030005D /* PhotoFiltersTests.swift */ = {isa = PBXFileReference; lastKnownFileType = sourcecode.swift; path = PhotoFiltersTests.swift; sourceTree = "<group>"; };
		747B81B11A64704B0030005D /* Notes.txt */ = {isa = PBXFileReference; fileEncoding = 4; lastKnownFileType = text; path = Notes.txt; sourceTree = "<group>"; };
		747B81B31A6488A10030005D /* GalleryViewController.swift */ = {isa = PBXFileReference; fileEncoding = 4; lastKnownFileType = sourcecode.swift; path = GalleryViewController.swift; sourceTree = "<group>"; };
		747B81B51A648D1A0030005D /* GalleryCell.swift */ = {isa = PBXFileReference; fileEncoding = 4; lastKnownFileType = sourcecode.swift; path = GalleryCell.swift; sourceTree = "<group>"; };
		747B81B71A64961F0030005D /* DKoch-logo.png */ = {isa = PBXFileReference; lastKnownFileType = image.png; path = "DKoch-logo.png"; sourceTree = "<group>"; };
		747B81B81A64961F0030005D /* tagTypeController.JPG */ = {isa = PBXFileReference; lastKnownFileType = image.jpeg; path = tagTypeController.JPG; sourceTree = "<group>"; };
		747B81BB1A64F6830030005D /* windows.jpg */ = {isa = PBXFileReference; lastKnownFileType = image.jpeg; path = windows.jpg; sourceTree = "<group>"; };
		747B81BD1A64F6940030005D /* glassHouse.jpg */ = {isa = PBXFileReference; lastKnownFileType = image.jpeg; path = glassHouse.jpg; sourceTree = "<group>"; };
		747B81BF1A64F75E0030005D /* bambo.jpg */ = {isa = PBXFileReference; lastKnownFileType = image.jpeg; path = bambo.jpg; sourceTree = "<group>"; };
		747B81C21A65B8DB0030005D /* photo-1d.jpeg */ = {isa = PBXFileReference; lastKnownFileType = image.jpeg; path = "photo-1d.jpeg"; sourceTree = "<group>"; };
		747B81C31A65B8DB0030005D /* photo-1c.jpeg */ = {isa = PBXFileReference; lastKnownFileType = image.jpeg; path = "photo-1c.jpeg"; sourceTree = "<group>"; };
		747B81C41A65B8DB0030005D /* photo-1b.jpeg */ = {isa = PBXFileReference; lastKnownFileType = image.jpeg; path = "photo-1b.jpeg"; sourceTree = "<group>"; };
/* End PBXFileReference section */

/* Begin PBXFrameworksBuildPhase section */
		747B81861A646EC50030005D /* Frameworks */ = {
			isa = PBXFrameworksBuildPhase;
			buildActionMask = 2147483647;
			files = (
			);
			runOnlyForDeploymentPostprocessing = 0;
		};
		747B819B1A646EC50030005D /* Frameworks */ = {
			isa = PBXFrameworksBuildPhase;
			buildActionMask = 2147483647;
			files = (
			);
			runOnlyForDeploymentPostprocessing = 0;
		};
/* End PBXFrameworksBuildPhase section */

/* Begin PBXGroup section */
		747B81801A646EC50030005D = {
			isa = PBXGroup;
			children = (
				747B818B1A646EC50030005D /* PhotoFilters */,
				747B81A11A646EC50030005D /* PhotoFiltersTests */,
				747B818A1A646EC50030005D /* Products */,
			);
			sourceTree = "<group>";
		};
		747B818A1A646EC50030005D /* Products */ = {
			isa = PBXGroup;
			children = (
				747B81891A646EC50030005D /* PhotoFilters.app */,
				747B819E1A646EC50030005D /* PhotoFiltersTests.xctest */,
			);
			name = Products;
			sourceTree = "<group>";
		};
		747B818B1A646EC50030005D /* PhotoFilters */ = {
			isa = PBXGroup;
			children = (
				747B818E1A646EC50030005D /* AppDelegate.swift */,
				747B81B01A646F950030005D /* ControllerLayer */,
				747B81AF1A646F030030005D /* ModelLayer */,
				747B81AE1A646EF40030005D /* ViewLayer */,
				747B81951A646EC50030005D /* Images.xcassets */,
				747B81971A646EC50030005D /* LaunchScreen.xib */,
				747B818C1A646EC50030005D /* Supporting Files */,
			);
			path = PhotoFilters;
			sourceTree = "<group>";
		};
		747B818C1A646EC50030005D /* Supporting Files */ = {
			isa = PBXGroup;
			children = (
				747B81C11A6503F90030005D /* images */,
				747B818D1A646EC50030005D /* Info.plist */,
				747B81B11A64704B0030005D /* Notes.txt */,
			);
			name = "Supporting Files";
			sourceTree = "<group>";
		};
		747B81A11A646EC50030005D /* PhotoFiltersTests */ = {
			isa = PBXGroup;
			children = (
				747B81A41A646EC50030005D /* PhotoFiltersTests.swift */,
				747B81A21A646EC50030005D /* Supporting Files */,
			);
			path = PhotoFiltersTests;
			sourceTree = "<group>";
		};
		747B81A21A646EC50030005D /* Supporting Files */ = {
			isa = PBXGroup;
			children = (
				747B81A31A646EC50030005D /* Info.plist */,
			);
			name = "Supporting Files";
			sourceTree = "<group>";
		};
		747B81AE1A646EF40030005D /* ViewLayer */ = {
			isa = PBXGroup;
			children = (
			);
			name = ViewLayer;
			sourceTree = "<group>";
		};
		747B81AF1A646F030030005D /* ModelLayer */ = {
			isa = PBXGroup;
			children = (
				747B81B51A648D1A0030005D /* GalleryCell.swift */,
			);
			name = ModelLayer;
			sourceTree = "<group>";
		};
		747B81B01A646F950030005D /* ControllerLayer */ = {
			isa = PBXGroup;
			children = (
				747B81901A646EC50030005D /* ViewController.swift */,
				747B81B31A6488A10030005D /* GalleryViewController.swift */,
			);
			name = ControllerLayer;
			sourceTree = "<group>";
		};
		747B81C11A6503F90030005D /* images */ = {
			isa = PBXGroup;
			children = (
				747B81BF1A64F75E0030005D /* bambo.jpg */,
				747B81BD1A64F6940030005D /* glassHouse.jpg */,
				747B81BB1A64F6830030005D /* windows.jpg */,
				747B81B71A64961F0030005D /* DKoch-logo.png */,
				747B81B81A64961F0030005D /* tagTypeController.JPG */,
				747B81C21A65B8DB0030005D /* photo-1d.jpeg */,
				747B81C31A65B8DB0030005D /* photo-1c.jpeg */,
				747B81C41A65B8DB0030005D /* photo-1b.jpeg */,
			);
			name = images;
			sourceTree = "<group>";
		};
/* End PBXGroup section */

/* Begin PBXNativeTarget section */
		747B81881A646EC50030005D /* PhotoFilters */ = {
			isa = PBXNativeTarget;
			buildConfigurationList = 747B81A81A646EC50030005D /* Build configuration list for PBXNativeTarget "PhotoFilters" */;
			buildPhases = (
				747B81851A646EC50030005D /* Sources */,
				747B81861A646EC50030005D /* Frameworks */,
				747B81871A646EC50030005D /* Resources */,
			);
			buildRules = (
			);
			dependencies = (
			);
			name = PhotoFilters;
			productName = PhotoFilters;
			productReference = 747B81891A646EC50030005D /* PhotoFilters.app */;
			productType = "com.apple.product-type.application";
		};
		747B819D1A646EC50030005D /* PhotoFiltersTests */ = {
			isa = PBXNativeTarget;
			buildConfigurationList = 747B81AB1A646EC50030005D /* Build configuration list for PBXNativeTarget "PhotoFiltersTests" */;
			buildPhases = (
				747B819A1A646EC50030005D /* Sources */,
				747B819B1A646EC50030005D /* Frameworks */,
				747B819C1A646EC50030005D /* Resources */,
			);
			buildRules = (
			);
			dependencies = (
				747B81A01A646EC50030005D /* PBXTargetDependency */,
			);
			name = PhotoFiltersTests;
			productName = PhotoFiltersTests;
			productReference = 747B819E1A646EC50030005D /* PhotoFiltersTests.xctest */;
			productType = "com.apple.product-type.bundle.unit-test";
		};
/* End PBXNativeTarget section */

/* Begin PBXProject section */
		747B81811A646EC50030005D /* Project object */ = {
			isa = PBXProject;
			attributes = {
				LastUpgradeCheck = 0610;
				ORGANIZATIONNAME = GruTech;
				TargetAttributes = {
					747B81881A646EC50030005D = {
						CreatedOnToolsVersion = 6.1;
					};
					747B819D1A646EC50030005D = {
						CreatedOnToolsVersion = 6.1;
						TestTargetID = 747B81881A646EC50030005D;
					};
				};
			};
			buildConfigurationList = 747B81841A646EC50030005D /* Build configuration list for PBXProject "PhotoFilters" */;
			compatibilityVersion = "Xcode 3.2";
			developmentRegion = English;
			hasScannedForEncodings = 0;
			knownRegions = (
				en,
				Base,
			);
			mainGroup = 747B81801A646EC50030005D;
			productRefGroup = 747B818A1A646EC50030005D /* Products */;
			projectDirPath = "";
			projectRoot = "";
			targets = (
				747B81881A646EC50030005D /* PhotoFilters */,
				747B819D1A646EC50030005D /* PhotoFiltersTests */,
			);
		};
/* End PBXProject section */

/* Begin PBXResourcesBuildPhase section */
		747B81871A646EC50030005D /* Resources */ = {
			isa = PBXResourcesBuildPhase;
			buildActionMask = 2147483647;
			files = (
				747B81BC1A64F6830030005D /* windows.jpg in Resources */,
				747B81C71A65B8DB0030005D /* photo-1b.jpeg in Resources */,
				747B81C61A65B8DB0030005D /* photo-1c.jpeg in Resources */,
				747B81991A646EC50030005D /* LaunchScreen.xib in Resources */,
				747B81B91A64961F0030005D /* DKoch-logo.png in Resources */,
				747B81BA1A64961F0030005D /* tagTypeController.JPG in Resources */,
				747B81961A646EC50030005D /* Images.xcassets in Resources */,
				747B81C51A65B8DB0030005D /* photo-1d.jpeg in Resources */,
				747B81BE1A64F6940030005D /* glassHouse.jpg in Resources */,
				747B81C01A64F75E0030005D /* bambo.jpg in Resources */,
			);
			runOnlyForDeploymentPostprocessing = 0;
		};
		747B819C1A646EC50030005D /* Resources */ = {
			isa = PBXResourcesBuildPhase;
			buildActionMask = 2147483647;
			files = (
			);
			runOnlyForDeploymentPostprocessing = 0;
		};
/* End PBXResourcesBuildPhase section */

/* Begin PBXSourcesBuildPhase section */
		747B81851A646EC50030005D /* Sources */ = {
			isa = PBXSourcesBuildPhase;
			buildActionMask = 2147483647;
			files = (
				747B81911A646EC50030005D /* ViewController.swift in Sources */,
				747B81B61A648D1A0030005D /* GalleryCell.swift in Sources */,
				747B81B41A6488A10030005D /* GalleryViewController.swift in Sources */,
				747B818F1A646EC50030005D /* AppDelegate.swift in Sources */,
				747B81B21A64704B0030005D /* Notes.txt in Sources */,
			);
			runOnlyForDeploymentPostprocessing = 0;
		};
		747B819A1A646EC50030005D /* Sources */ = {
			isa = PBXSourcesBuildPhase;
			buildActionMask = 2147483647;
			files = (
				747B81A51A646EC50030005D /* PhotoFiltersTests.swift in Sources */,
			);
			runOnlyForDeploymentPostprocessing = 0;
		};
/* End PBXSourcesBuildPhase section */

/* Begin PBXTargetDependency section */
		747B81A01A646EC50030005D /* PBXTargetDependency */ = {
			isa = PBXTargetDependency;
			target = 747B81881A646EC50030005D /* PhotoFilters */;
			targetProxy = 747B819F1A646EC50030005D /* PBXContainerItemProxy */;
		};
/* End PBXTargetDependency section */

/* Begin PBXVariantGroup section */
		747B81971A646EC50030005D /* LaunchScreen.xib */ = {
			isa = PBXVariantGroup;
			children = (
				747B81981A646EC50030005D /* Base */,
			);
			name = LaunchScreen.xib;
			sourceTree = "<group>";
		};
/* End PBXVariantGroup section */

/* Begin XCBuildConfiguration section */
		747B81A61A646EC50030005D /* Debug */ = {
			isa = XCBuildConfiguration;
			buildSettings = {
				ALWAYS_SEARCH_USER_PATHS = NO;
				CLANG_CXX_LANGUAGE_STANDARD = "gnu++0x";
				CLANG_CXX_LIBRARY = "libc++";
				CLANG_ENABLE_MODULES = YES;
				CLANG_ENABLE_OBJC_ARC = YES;
				CLANG_WARN_BOOL_CONVERSION = YES;
				CLANG_WARN_CONSTANT_CONVERSION = YES;
				CLANG_WARN_DIRECT_OBJC_ISA_USAGE = YES_ERROR;
				CLANG_WARN_EMPTY_BODY = YES;
				CLANG_WARN_ENUM_CONVERSION = YES;
				CLANG_WARN_INT_CONVERSION = YES;
				CLANG_WARN_OBJC_ROOT_CLASS = YES_ERROR;
				CLANG_WARN_UNREACHABLE_CODE = YES;
				CLANG_WARN__DUPLICATE_METHOD_MATCH = YES;
				"CODE_SIGN_IDENTITY[sdk=iphoneos*]" = "iPhone Developer";
				COPY_PHASE_STRIP = NO;
				ENABLE_STRICT_OBJC_MSGSEND = YES;
				GCC_C_LANGUAGE_STANDARD = gnu99;
				GCC_DYNAMIC_NO_PIC = NO;
				GCC_OPTIMIZATION_LEVEL = 0;
				GCC_PREPROCESSOR_DEFINITIONS = (
					"DEBUG=1",
					"$(inherited)",
				);
				GCC_SYMBOLS_PRIVATE_EXTERN = NO;
				GCC_WARN_64_TO_32_BIT_CONVERSION = YES;
				GCC_WARN_ABOUT_RETURN_TYPE = YES_ERROR;
				GCC_WARN_UNDECLARED_SELECTOR = YES;
				GCC_WARN_UNINITIALIZED_AUTOS = YES_AGGRESSIVE;
				GCC_WARN_UNUSED_FUNCTION = YES;
				GCC_WARN_UNUSED_VARIABLE = YES;
				IPHONEOS_DEPLOYMENT_TARGET = 8.1;
				MTL_ENABLE_DEBUG_INFO = YES;
				ONLY_ACTIVE_ARCH = YES;
				SDKROOT = iphoneos;
				SWIFT_OPTIMIZATION_LEVEL = "-Onone";
			};
			name = Debug;
		};
		747B81A71A646EC50030005D /* Release */ = {
			isa = XCBuildConfiguration;
			buildSettings = {
				ALWAYS_SEARCH_USER_PATHS = NO;
				CLANG_CXX_LANGUAGE_STANDARD = "gnu++0x";
				CLANG_CXX_LIBRARY = "libc++";
				CLANG_ENABLE_MODULES = YES;
				CLANG_ENABLE_OBJC_ARC = YES;
				CLANG_WARN_BOOL_CONVERSION = YES;
				CLANG_WARN_CONSTANT_CONVERSION = YES;
				CLANG_WARN_DIRECT_OBJC_ISA_USAGE = YES_ERROR;
				CLANG_WARN_EMPTY_BODY = YES;
				CLANG_WARN_ENUM_CONVERSION = YES;
				CLANG_WARN_INT_CONVERSION = YES;
				CLANG_WARN_OBJC_ROOT_CLASS = YES_ERROR;
				CLANG_WARN_UNREACHABLE_CODE = YES;
				CLANG_WARN__DUPLICATE_METHOD_MATCH = YES;
				"CODE_SIGN_IDENTITY[sdk=iphoneos*]" = "iPhone Developer";
				COPY_PHASE_STRIP = YES;
				ENABLE_NS_ASSERTIONS = NO;
				ENABLE_STRICT_OBJC_MSGSEND = YES;
				GCC_C_LANGUAGE_STANDARD = gnu99;
				GCC_WARN_64_TO_32_BIT_CONVERSION = YES;
				GCC_WARN_ABOUT_RETURN_TYPE = YES_ERROR;
				GCC_WARN_UNDECLARED_SELECTOR = YES;
				GCC_WARN_UNINITIALIZED_AUTOS = YES_AGGRESSIVE;
				GCC_WARN_UNUSED_FUNCTION = YES;
				GCC_WARN_UNUSED_VARIABLE = YES;
				IPHONEOS_DEPLOYMENT_TARGET = 8.1;
				MTL_ENABLE_DEBUG_INFO = NO;
				SDKROOT = iphoneos;
				VALIDATE_PRODUCT = YES;
			};
			name = Release;
		};
		747B81A91A646EC50030005D /* Debug */ = {
			isa = XCBuildConfiguration;
			buildSettings = {
				ASSETCATALOG_COMPILER_APPICON_NAME = AppIcon;
				INFOPLIST_FILE = PhotoFilters/Info.plist;
				LD_RUNPATH_SEARCH_PATHS = "$(inherited) @executable_path/Frameworks";
				PRODUCT_NAME = "$(TARGET_NAME)";
			};
			name = Debug;
		};
		747B81AA1A646EC50030005D /* Release */ = {
			isa = XCBuildConfiguration;
			buildSettings = {
				ASSETCATALOG_COMPILER_APPICON_NAME = AppIcon;
				INFOPLIST_FILE = PhotoFilters/Info.plist;
				LD_RUNPATH_SEARCH_PATHS = "$(inherited) @executable_path/Frameworks";
				PRODUCT_NAME = "$(TARGET_NAME)";
			};
			name = Release;
		};
		747B81AC1A646EC50030005D /* Debug */ = {
			isa = XCBuildConfiguration;
			buildSettings = {
				BUNDLE_LOADER = "$(TEST_HOST)";
				FRAMEWORK_SEARCH_PATHS = (
					"$(SDKROOT)/Developer/Library/Frameworks",
					"$(inherited)",
				);
				GCC_PREPROCESSOR_DEFINITIONS = (
					"DEBUG=1",
					"$(inherited)",
				);
				INFOPLIST_FILE = PhotoFiltersTests/Info.plist;
				LD_RUNPATH_SEARCH_PATHS = "$(inherited) @executable_path/Frameworks @loader_path/Frameworks";
				PRODUCT_NAME = "$(TARGET_NAME)";
				TEST_HOST = "$(BUILT_PRODUCTS_DIR)/PhotoFilters.app/PhotoFilters";
			};
			name = Debug;
		};
		747B81AD1A646EC50030005D /* Release */ = {
			isa = XCBuildConfiguration;
			buildSettings = {
				BUNDLE_LOADER = "$(TEST_HOST)";
				FRAMEWORK_SEARCH_PATHS = (
					"$(SDKROOT)/Developer/Library/Frameworks",
					"$(inherited)",
				);
				INFOPLIST_FILE = PhotoFiltersTests/Info.plist;
				LD_RUNPATH_SEARCH_PATHS = "$(inherited) @executable_path/Frameworks @loader_path/Frameworks";
				PRODUCT_NAME = "$(TARGET_NAME)";
				TEST_HOST = "$(BUILT_PRODUCTS_DIR)/PhotoFilters.app/PhotoFilters";
			};
			name = Release;
		};
/* End XCBuildConfiguration section */

/* Begin XCConfigurationList section */
		747B81841A646EC50030005D /* Build configuration list for PBXProject "PhotoFilters" */ = {
			isa = XCConfigurationList;
			buildConfigurations = (
				747B81A61A646EC50030005D /* Debug */,
				747B81A71A646EC50030005D /* Release */,
			);
			defaultConfigurationIsVisible = 0;
			defaultConfigurationName = Release;
		};
		747B81A81A646EC50030005D /* Build configuration list for PBXNativeTarget "PhotoFilters" */ = {
			isa = XCConfigurationList;
			buildConfigurations = (
				747B81A91A646EC50030005D /* Debug */,
				747B81AA1A646EC50030005D /* Release */,
			);
			defaultConfigurationIsVisible = 0;
		};
		747B81AB1A646EC50030005D /* Build configuration list for PBXNativeTarget "PhotoFiltersTests" */ = {
			isa = XCConfigurationList;
			buildConfigurations = (
				747B81AC1A646EC50030005D /* Debug */,
				747B81AD1A646EC50030005D /* Release */,
			);
			defaultConfigurationIsVisible = 0;
		};
/* End XCConfigurationList section */
	};
	rootObject = 747B81811A646EC50030005D /* Project object */;
}
